
Microsoft Visual Studio Solution File, Format Version 12.00
# Visual Studio Version 16
VisualStudioVersion = 16.0.29709.97
MinimumVisualStudioVersion = 10.0.40219.1
Project("{FAE04EC0-301F-11D3-BF4B-00C04F79EFBC}") = "Apollo", "Apollo.csproj", "{212895F2-FDBB-0DD0-07EE-A9261392373A}"
EndProject
Project("{2150E333-8FDC-42A3-9474-1A3956D46DE8}") = "Solution Items", "Solution Items", "{5BA23CEE-A33D-4388-BD3F-90E830C7B8AB}"
	ProjectSection(SolutionItems) = preProject
		.editorconfig = .editorconfig
	EndProjectSection
EndProject
Global
	GlobalSection(SolutionConfigurationPlatforms) = preSolution
		Blueflame|Any CPU = Blueflame|Any CPU
		Blueflame|x64 = Blueflame|x64
		Blueflame|x86 = Blueflame|x86
		BlueflameTest|Any CPU = BlueflameTest|Any CPU
		BlueflameTest|x64 = BlueflameTest|x64
		BlueflameTest|x86 = BlueflameTest|x86
		Debug|Any CPU = Debug|Any CPU
		Debug|x64 = Debug|x64
		Debug|x86 = Debug|x86
		Gasway|Any CPU = Gasway|Any CPU
		Gasway|x64 = Gasway|x64
		Gasway|x86 = Gasway|x86
		Release|Any CPU = Release|Any CPU
		Release|x64 = Release|x64
		Release|x86 = Release|x86
		RFT|Any CPU = RFT|Any CPU
		RFT|x64 = RFT|x64
		RFT|x86 = RFT|x86
		RFTTEST|Any CPU = RFTTEST|Any CPU
		RFTTEST|x64 = RFTTEST|x64
		RFTTEST|x86 = RFTTEST|x86
	EndGlobalSection
	GlobalSection(ProjectConfigurationPlatforms) = postSolution
		{212895F2-FDBB-0DD0-07EE-A9261392373A}.Blueflame|Any CPU.ActiveCfg = Blueflame|Any CPU
		{212895F2-FDBB-0DD0-07EE-A9261392373A}.Blueflame|Any CPU.Build.0 = Blueflame|Any CPU
		{212895F2-FDBB-0DD0-07EE-A9261392373A}.Blueflame|x64.ActiveCfg = Blueflame|x64
		{212895F2-FDBB-0DD0-07EE-A9261392373A}.Blueflame|x64.Build.0 = Blueflame|x64
		{212895F2-FDBB-0DD0-07EE-A9261392373A}.Blueflame|x86.ActiveCfg = Blueflame|x86
		{212895F2-FDBB-0DD0-07EE-A9261392373A}.Blueflame|x86.Build.0 = Blueflame|x86
		{212895F2-FDBB-0DD0-07EE-A9261392373A}.BlueflameTest|Any CPU.ActiveCfg = BlueflameTest|Any CPU
		{212895F2-FDBB-0DD0-07EE-A9261392373A}.BlueflameTest|Any CPU.Build.0 = BlueflameTest|Any CPU
		{212895F2-FDBB-0DD0-07EE-A9261392373A}.BlueflameTest|x64.ActiveCfg = BlueflameTest|x64
		{212895F2-FDBB-0DD0-07EE-A9261392373A}.BlueflameTest|x64.Build.0 = BlueflameTest|x64
		{212895F2-FDBB-0DD0-07EE-A9261392373A}.BlueflameTest|x86.ActiveCfg = BlueflameTest|x86
		{212895F2-FDBB-0DD0-07EE-A9261392373A}.BlueflameTest|x86.Build.0 = BlueflameTest|x86
		{212895F2-FDBB-0DD0-07EE-A9261392373A}.Debug|Any CPU.ActiveCfg = Debug|Any CPU
		{212895F2-FDBB-0DD0-07EE-A9261392373A}.Debug|Any CPU.Build.0 = Debug|Any CPU
		{212895F2-FDBB-0DD0-07EE-A9261392373A}.Debug|x64.ActiveCfg = Debug|x64
		{212895F2-FDBB-0DD0-07EE-A9261392373A}.Debug|x64.Build.0 = Debug|x64
		{212895F2-FDBB-0DD0-07EE-A9261392373A}.Debug|x86.ActiveCfg = Debug|x86
		{212895F2-FDBB-0DD0-07EE-A9261392373A}.Debug|x86.Build.0 = Debug|x86
		{212895F2-FDBB-0DD0-07EE-A9261392373A}.Gasway|Any CPU.ActiveCfg = Gasway|Any CPU
		{212895F2-FDBB-0DD0-07EE-A9261392373A}.Gasway|Any CPU.Build.0 = Gasway|Any CPU
		{212895F2-FDBB-0DD0-07EE-A9261392373A}.Gasway|x64.ActiveCfg = Gasway|x64
		{212895F2-FDBB-0DD0-07EE-A9261392373A}.Gasway|x64.Build.0 = Gasway|x64
		{212895F2-FDBB-0DD0-07EE-A9261392373A}.Gasway|x86.ActiveCfg = Gasway|x86
		{212895F2-FDBB-0DD0-07EE-A9261392373A}.Gasway|x86.Build.0 = Gasway|x86
		{212895F2-FDBB-0DD0-07EE-A9261392373A}.Release|Any CPU.ActiveCfg = Release|Any CPU
		{212895F2-FDBB-0DD0-07EE-A9261392373A}.Release|Any CPU.Build.0 = Release|Any CPU
		{212895F2-FDBB-0DD0-07EE-A9261392373A}.Release|x64.ActiveCfg = Release|x64
		{212895F2-FDBB-0DD0-07EE-A9261392373A}.Release|x64.Build.0 = Release|x64
		{212895F2-FDBB-0DD0-07EE-A9261392373A}.Release|x86.ActiveCfg = Release|x86
		{212895F2-FDBB-0DD0-07EE-A9261392373A}.Release|x86.Build.0 = Release|x86
		{212895F2-FDBB-0DD0-07EE-A9261392373A}.RFT|Any CPU.ActiveCfg = RFT|Any CPU
		{212895F2-FDBB-0DD0-07EE-A9261392373A}.RFT|Any CPU.Build.0 = RFT|Any CPU
		{212895F2-FDBB-0DD0-07EE-A9261392373A}.RFT|x64.ActiveCfg = RFT|x64
		{212895F2-FDBB-0DD0-07EE-A9261392373A}.RFT|x64.Build.0 = RFT|x64
		{212895F2-FDBB-0DD0-07EE-A9261392373A}.RFT|x86.ActiveCfg = RFT|x86
		{212895F2-FDBB-0DD0-07EE-A9261392373A}.RFT|x86.Build.0 = RFT|x86
		{212895F2-FDBB-0DD0-07EE-A9261392373A}.RFTTEST|Any CPU.ActiveCfg = RFTTEST|Any CPU
		{212895F2-FDBB-0DD0-07EE-A9261392373A}.RFTTEST|Any CPU.Build.0 = RFTTEST|Any CPU
		{212895F2-FDBB-0DD0-07EE-A9261392373A}.RFTTEST|x64.ActiveCfg = RFTTEST|x64
		{212895F2-FDBB-0DD0-07EE-A9261392373A}.RFTTEST|x64.Build.0 = RFTTEST|x64
		{212895F2-FDBB-0DD0-07EE-A9261392373A}.RFTTEST|x86.ActiveCfg = RFTTEST|x86
		{212895F2-FDBB-0DD0-07EE-A9261392373A}.RFTTEST|x86.Build.0 = RFTTEST|x86
	EndGlobalSection
	GlobalSection(SolutionProperties) = preSolution
		HideSolutionNode = FALSE
	EndGlobalSection
	GlobalSection(ExtensibilityGlobals) = postSolution
		SolutionGuid = {5A0001E1-545D-4788-9368-19B6F32B1F51}
	EndGlobalSection
EndGlobal
